
Microsoft Visual Studio Solution File, Format Version 12.00
# Visual Studio Version 16
VisualStudioVersion = 16.0.31402.337
MinimumVisualStudioVersion = 10.0.40219.1
Project("{FAE04EC0-301F-11D3-BF4B-00C04F79EFBC}") = "MVCCountriesLab", "MVCCountriesLab\MVCCountriesLab.csproj", "{66D7B71D-2D20-41B7-A33E-4EFA5D9B91F6}"
EndProject
Global
	GlobalSection(SolutionConfigurationPlatforms) = preSolution
		Debug|Any CPU = Debug|Any CPU
		Release|Any CPU = Release|Any CPU
	EndGlobalSection
	GlobalSection(ProjectConfigurationPlatforms) = postSolution
		{66D7B71D-2D20-41B7-A33E-4EFA5D9B91F6}.Debug|Any CPU.ActiveCfg = Debug|Any CPU
		{66D7B71D-2D20-41B7-A33E-4EFA5D9B91F6}.Debug|Any CPU.Build.0 = Debug|Any CPU
		{66D7B71D-2D20-41B7-A33E-4EFA5D9B91F6}.Release|Any CPU.ActiveCfg = Release|Any CPU
		{66D7B71D-2D20-41B7-A33E-4EFA5D9B91F6}.Release|Any CPU.Build.0 = Release|Any CPU
	EndGlobalSection
	GlobalSection(SolutionProperties) = preSolution
		HideSolutionNode = FALSE
	EndGlobalSection
	GlobalSection(ExtensibilityGlobals) = postSolution
		SolutionGuid = {689AADE9-636C-418E-A29E-4BD2BCB227E5}
	EndGlobalSection
EndGlobal
